# This file was autogenerated by Stack.
# You should not edit this file by hand.
# For more information, please see the documentation at:
#   https://docs.haskellstack.org/en/stable/lock_files

packages:
- completed:
    hackage: chiasma-0.1.0.0@sha256:0d95d24746716430eca2d54755384e7f0da8c6cac4f4171705f47ff7c907ba87,2472
    pantry-tree:
      size: 1494
      sha256: 2fed6d1934f512cb33af256182bce766d0f4e95a3390d119ac4a272cccab34e9
  original:
    hackage: chiasma-0.1.0.0@sha256:0d95d24746716430eca2d54755384e7f0da8c6cac4f4171705f47ff7c907ba87,2472
- completed:
    hackage: posix-pty-0.2.1.1@sha256:f1e54f10c49d9f27dba33539391659d2daa4874badc1554ffc6c25b329ef1db6,2161
    pantry-tree:
      size: 512
      sha256: d8901f7c8c42c767092262da42e1ff1911151310f4cd87f1ee278d168121ecee
  original:
    hackage: posix-pty-0.2.1.1@sha256:f1e54f10c49d9f27dba33539391659d2daa4874badc1554ffc6c25b329ef1db6,2161
- completed:
    hackage: refinery-0.1.0.0@sha256:500db20b0581be7f0a1d8e31f3b8e507e92777596e06dde8c986564037d78fd2,1629
    pantry-tree:
      size: 504
      sha256: ccff12462041b2cebdb63c4430433baac11ac8d8e56e3ae0f0f17b4ab820bda9
  original:
    hackage: refinery-0.1.0.0
- completed:
    hackage: unipatterns-0.0.0.0@sha256:1f1b167af191a7bae2696d40bb9832a61ab011bf0a6c5978c7ebb42220b45001,1124
    pantry-tree:
      size: 312
      sha256: b25d94753501df5aaaf64ace4cce524ea5dc191e674cb79acf59d95e39cdca79
  original:
    hackage: unipatterns-0.0.0.0
- completed:
    hackage: ghc-source-gen-0.1.0.0@sha256:ce7398cd6cd25737efad6b4a90b59d2ca5c6f0a94f3c96f4ebb086c2924afe50,2848
    pantry-tree:
      size: 1632
      sha256: a34906b41e16f9ec131370bde8a6bfe2304ac9687584641616aea5c56634b6e5
  original:
    hackage: ghc-source-gen-0.1.0.0
snapshots:
- completed:
    size: 523443
    url: https://raw.githubusercontent.com/commercialhaskell/stackage-snapshots/master/lts/14/0.yaml
    sha256: 283773e7120f5446d961eab35ea95c9af9c24187cc178537bd29273200a05171
  original: lts-14.0
